// !$*UTF8*$!
{
	archiveVersion = 1;
	classes = {
	};
	objectVersion = 48;
	objects = {

/* Begin PBXBuildFile section */
		14027393D4820E0F5320AE4F /* Pods_FSNotes__CloudKit_.framework in Frameworks */ = {isa = PBXBuildFile; fileRef = 9FBB093D768873B26FFAABF6 /* Pods_FSNotes__CloudKit_.framework */; };
		275592971F3AE9B5006B8988 /* MainWindowController.swift in Sources */ = {isa = PBXBuildFile; fileRef = 275592961F3AE9B5006B8988 /* MainWindowController.swift */; };
		6F46BBE71F55320E000D7DB2 /* String+.swift in Sources */ = {isa = PBXBuildFile; fileRef = 6F46BBE61F55320E000D7DB2 /* String+.swift */; };
		93D1825473D129F6D510814D /* Pods_FSNotes.framework in Frameworks */ = {isa = PBXBuildFile; fileRef = D77671B81FACEDDE00DDF28D /* Pods_FSNotes.framework */; };
		D7097FCB1FB8CA4A00144D8F /* StorageTableView.swift in Sources */ = {isa = PBXBuildFile; fileRef = D7097FCA1FB8CA4A00144D8F /* StorageTableView.swift */; };
		D7097FCC1FB8CDAE00144D8F /* StorageTableView.swift in Sources */ = {isa = PBXBuildFile; fileRef = D7097FCA1FB8CA4A00144D8F /* StorageTableView.swift */; };
		D7166F531F32F751001A883F /* icons.icns in Resources */ = {isa = PBXBuildFile; fileRef = D735E5B81F2E45CC00173215 /* icons.icns */; };
		D7166F541F32F75E001A883F /* Main.storyboard in Resources */ = {isa = PBXBuildFile; fileRef = D7793C781F211C6000CA39B7 /* Main.storyboard */; };
		D71670AC1F7E914F00AE1AC2 /* UserDefaults+Token.swift in Sources */ = {isa = PBXBuildFile; fileRef = D71670AB1F7E914F00AE1AC2 /* UserDefaults+Token.swift */; };
		D71C4A4E1F520F1B00EBA30B /* DownView.bundle in Resources */ = {isa = PBXBuildFile; fileRef = D71C4A4D1F520F0E00EBA30B /* DownView.bundle */; };
		D735E5BD1F2EF66000173215 /* NoteCellView.swift in Sources */ = {isa = PBXBuildFile; fileRef = D735E5BC1F2EF66000173215 /* NoteCellView.swift */; };
		D735E5BF1F2F001500173215 /* NoteRowView.swift in Sources */ = {isa = PBXBuildFile; fileRef = D735E5BE1F2F001500173215 /* NoteRowView.swift */; };
		D73E3ADC1FC600CD002D34EE /* StorageItem+CoreDataClass.swift in Sources */ = {isa = PBXBuildFile; fileRef = D7C5429A1FC4A74000EF1F94 /* StorageItem+CoreDataClass.swift */; };
		D73E3ADD1FC600CD002D34EE /* StorageItem+CoreDataProperties.swift in Sources */ = {isa = PBXBuildFile; fileRef = D7C542991FC4A74000EF1F94 /* StorageItem+CoreDataProperties.swift */; };
		D74112281FABA21B00AB619A /* MainWindow.swift in Sources */ = {isa = PBXBuildFile; fileRef = D74112271FABA21B00AB619A /* MainWindow.swift */; };
		D74112291FABA29100AB619A /* MainWindow.swift in Sources */ = {isa = PBXBuildFile; fileRef = D74112271FABA21B00AB619A /* MainWindow.swift */; };
		D741122B1FACA10A00AB619A /* PrefsWindow.swift in Sources */ = {isa = PBXBuildFile; fileRef = D741122A1FACA10A00AB619A /* PrefsWindow.swift */; };
		D741122C1FACA12E00AB619A /* PrefsWindow.swift in Sources */ = {isa = PBXBuildFile; fileRef = D741122A1FACA10A00AB619A /* PrefsWindow.swift */; };
		D7508FC81F337E850047AB76 /* SearchTextField.swift in Sources */ = {isa = PBXBuildFile; fileRef = D7508FC71F337E850047AB76 /* SearchTextField.swift */; };
		D7508FCE1F3438540047AB76 /* PrefsViewController.swift in Sources */ = {isa = PBXBuildFile; fileRef = D7508FCD1F3438540047AB76 /* PrefsViewController.swift */; };
		D76447DC1F3A4F0700965F01 /* UserDefaultsManagement.swift in Sources */ = {isa = PBXBuildFile; fileRef = D76447DB1F3A4F0700965F01 /* UserDefaultsManagement.swift */; };
		D773DE801F36F45900A39C9F /* SandboxBookmark.swift in Sources */ = {isa = PBXBuildFile; fileRef = D773DE7F1F36F45900A39C9F /* SandboxBookmark.swift */; };
		D7793C731F211C6000CA39B7 /* AppDelegate.swift in Sources */ = {isa = PBXBuildFile; fileRef = D7793C721F211C6000CA39B7 /* AppDelegate.swift */; };
		D7793C751F211C6000CA39B7 /* ViewController.swift in Sources */ = {isa = PBXBuildFile; fileRef = D7793C741F211C6000CA39B7 /* ViewController.swift */; };
		D7793C861F211C6000CA39B7 /* FSNotesTests.swift in Sources */ = {isa = PBXBuildFile; fileRef = D7793C851F211C6000CA39B7 /* FSNotesTests.swift */; };
		D7793C911F211C6000CA39B7 /* FSNotesUITests.swift in Sources */ = {isa = PBXBuildFile; fileRef = D7793C901F211C6000CA39B7 /* FSNotesUITests.swift */; };
		D779C7BB1F415C0300FADEE1 /* PrefsWindowController.swift in Sources */ = {isa = PBXBuildFile; fileRef = D779C7BA1F415BE300FADEE1 /* PrefsWindowController.swift */; };
		D790641D1FCB4E5F005677E7 /* MarkdownView.swift in Sources */ = {isa = PBXBuildFile; fileRef = D7A9FD301FCB4873008ED23C /* MarkdownView.swift */; };
		D797004C1F3DD10700BAD94D /* EditTextView.swift in Sources */ = {isa = PBXBuildFile; fileRef = D797004B1F3DD10700BAD94D /* EditTextView.swift */; };
		D79700501F3E19C600BAD94D /* DocumentAttributes.swift in Sources */ = {isa = PBXBuildFile; fileRef = D797004F1F3E19C600BAD94D /* DocumentAttributes.swift */; };
		D79F92121FA8B9E2008C297E /* PreviewTextField.swift in Sources */ = {isa = PBXBuildFile; fileRef = D7CE196B1FA4BA5E004BF8EE /* PreviewTextField.swift */; };
		D79FE89B1F77CDEF00113CFD /* FSNotes.xcdatamodeld in Sources */ = {isa = PBXBuildFile; fileRef = D79FE8991F77CDEF00113CFD /* FSNotes.xcdatamodeld */; };
		D79FE8A21F77D04A00113CFD /* Note+CoreDataClass.swift in Sources */ = {isa = PBXBuildFile; fileRef = D79FE8A01F77D04A00113CFD /* Note+CoreDataClass.swift */; };
		D79FE8A31F77D04A00113CFD /* Note+CoreDataProperties.swift in Sources */ = {isa = PBXBuildFile; fileRef = D79FE8A11F77D04A00113CFD /* Note+CoreDataProperties.swift */; };
		D79FE8A51F78377E00113CFD /* CloudKitManager.swift in Sources */ = {isa = PBXBuildFile; fileRef = D79FE8A41F78377E00113CFD /* CloudKitManager.swift */; };
		D7A415141F2FBDA00099B82C /* NotesTableView.swift in Sources */ = {isa = PBXBuildFile; fileRef = D7A415131F2FBDA00099B82C /* NotesTableView.swift */; };
		D7A9FD311FCB4873008ED23C /* MarkdownView.swift in Sources */ = {isa = PBXBuildFile; fileRef = D7A9FD301FCB4873008ED23C /* MarkdownView.swift */; };
		D7AFD80D1F78CC450000B44A /* CKRecord+.swift in Sources */ = {isa = PBXBuildFile; fileRef = D7AFD80C1F78CC450000B44A /* CKRecord+.swift */; };
		D7B0EEFD1FDEF93E008B04C3 /* NotificationsController.swift in Sources */ = {isa = PBXBuildFile; fileRef = D7B0EEFC1FDEF93E008B04C3 /* NotificationsController.swift */; };
		D7B0EEFE1FDF1176008B04C3 /* NotificationsController.swift in Sources */ = {isa = PBXBuildFile; fileRef = D7B0EEFC1FDEF93E008B04C3 /* NotificationsController.swift */; };
		D7BC2F461F7675850007298E /* CoreDataManager.swift in Sources */ = {isa = PBXBuildFile; fileRef = D7BC2F451F7675850007298E /* CoreDataManager.swift */; };
		D7C5429D1FC4A83F00EF1F94 /* StorageItem+CoreDataClass.swift in Sources */ = {isa = PBXBuildFile; fileRef = D7C5429A1FC4A74000EF1F94 /* StorageItem+CoreDataClass.swift */; };
		D7C5429E1FC4A83F00EF1F94 /* StorageItem+CoreDataProperties.swift in Sources */ = {isa = PBXBuildFile; fileRef = D7C542991FC4A74000EF1F94 /* StorageItem+CoreDataProperties.swift */; };
		D7CD5F681F508E74006AA35D /* SourceCodePro-Bold.ttf in Resources */ = {isa = PBXBuildFile; fileRef = D7CD5F671F508E6A006AA35D /* SourceCodePro-Bold.ttf */; };
		D7CD5F691F508E74006AA35D /* SourceCodePro-BoldIt.ttf in Resources */ = {isa = PBXBuildFile; fileRef = D7CD5F661F508E6A006AA35D /* SourceCodePro-BoldIt.ttf */; };
		D7CD5F6C1F51185F006AA35D /* NSFont+.swift in Sources */ = {isa = PBXBuildFile; fileRef = D7CD5F6B1F51185F006AA35D /* NSFont+.swift */; };
		D7CE196C1FA4BA5E004BF8EE /* PreviewTextField.swift in Sources */ = {isa = PBXBuildFile; fileRef = D7CE196B1FA4BA5E004BF8EE /* PreviewTextField.swift */; };
		D7D3D5181F44799400D152FE /* makeNote.png in Resources */ = {isa = PBXBuildFile; fileRef = D7D3D5171F44794A00D152FE /* makeNote.png */; };
		D7D3D51A1F4483F500D152FE /* pin.png in Resources */ = {isa = PBXBuildFile; fileRef = D7D3D5191F4483EA00D152FE /* pin.png */; };
		D7D6FA351F5C6AE300E08068 /* Hello world.md in Resources */ = {isa = PBXBuildFile; fileRef = D7D6FA341F5C68E000E08068 /* Hello world.md */; };
		D7DD5A881F88D4EA00CE947E /* FileWatcher.swift in Sources */ = {isa = PBXBuildFile; fileRef = D7DD5A871F88D4EA00CE947E /* FileWatcher.swift */; };
		D7DD5A8A1F88D50000CE947E /* FileWatcherEvent.swift in Sources */ = {isa = PBXBuildFile; fileRef = D7DD5A891F88D50000CE947E /* FileWatcherEvent.swift */; };
		D7DD79581F4E60D000D5724B /* SourceCodePro-Black.ttf in Resources */ = {isa = PBXBuildFile; fileRef = D7DD79561F4E606600D5724B /* SourceCodePro-Black.ttf */; };
		D7DD79591F4E60D000D5724B /* SourceCodePro-It.ttf in Resources */ = {isa = PBXBuildFile; fileRef = D7DD79551F4E606600D5724B /* SourceCodePro-It.ttf */; };
		D7DD795B1F4E611D00D5724B /* SourceCodePro-Regular.ttf in Resources */ = {isa = PBXBuildFile; fileRef = D7DD795A1F4E611200D5724B /* SourceCodePro-Regular.ttf */; };
		D7E025081F3B6DDB00EDDA32 /* Storage.swift in Sources */ = {isa = PBXBuildFile; fileRef = D7E025071F3B6DDB00EDDA32 /* Storage.swift */; };
		D7E81C2E1F925B5F00416A91 /* PrefsWindowController.swift in Sources */ = {isa = PBXBuildFile; fileRef = D779C7BA1F415BE300FADEE1 /* PrefsWindowController.swift */; };
		D7E81C2F1F925B5F00416A91 /* ViewController.swift in Sources */ = {isa = PBXBuildFile; fileRef = D7793C741F211C6000CA39B7 /* ViewController.swift */; };
		D7E81C301F925B5F00416A91 /* FileWatcher.swift in Sources */ = {isa = PBXBuildFile; fileRef = D7DD5A871F88D4EA00CE947E /* FileWatcher.swift */; };
		D7E81C311F925B5F00416A91 /* DocumentAttributes.swift in Sources */ = {isa = PBXBuildFile; fileRef = D797004F1F3E19C600BAD94D /* DocumentAttributes.swift */; };
		D7E81C321F925B5F00416A91 /* PrefsViewController.swift in Sources */ = {isa = PBXBuildFile; fileRef = D7508FCD1F3438540047AB76 /* PrefsViewController.swift */; };
		D7E81C331F925B5F00416A91 /* UserDefaultsManagement.swift in Sources */ = {isa = PBXBuildFile; fileRef = D76447DB1F3A4F0700965F01 /* UserDefaultsManagement.swift */; };
		D7E81C341F925B5F00416A91 /* EditTextView.swift in Sources */ = {isa = PBXBuildFile; fileRef = D797004B1F3DD10700BAD94D /* EditTextView.swift */; };
		D7E81C351F925B5F00416A91 /* CoreDataManager.swift in Sources */ = {isa = PBXBuildFile; fileRef = D7BC2F451F7675850007298E /* CoreDataManager.swift */; };
		D7E81C361F925B5F00416A91 /* AppDelegate.swift in Sources */ = {isa = PBXBuildFile; fileRef = D7793C721F211C6000CA39B7 /* AppDelegate.swift */; };
		D7E81C371F925B5F00416A91 /* NoteRowView.swift in Sources */ = {isa = PBXBuildFile; fileRef = D735E5BE1F2F001500173215 /* NoteRowView.swift */; };
		D7E81C381F925B5F00416A91 /* Storage.swift in Sources */ = {isa = PBXBuildFile; fileRef = D7E025071F3B6DDB00EDDA32 /* Storage.swift */; };
		D7E81C391F925B5F00416A91 /* FileWatcherEvent.swift in Sources */ = {isa = PBXBuildFile; fileRef = D7DD5A891F88D50000CE947E /* FileWatcherEvent.swift */; };
		D7E81C3A1F925B5F00416A91 /* NotesTableView.swift in Sources */ = {isa = PBXBuildFile; fileRef = D7A415131F2FBDA00099B82C /* NotesTableView.swift */; };
		D7E81C3B1F925B5F00416A91 /* CloudKitManager.swift in Sources */ = {isa = PBXBuildFile; fileRef = D79FE8A41F78377E00113CFD /* CloudKitManager.swift */; };
		D7E81C3C1F925B5F00416A91 /* CKRecord+.swift in Sources */ = {isa = PBXBuildFile; fileRef = D7AFD80C1F78CC450000B44A /* CKRecord+.swift */; };
		D7E81C3D1F925B5F00416A91 /* SandboxBookmark.swift in Sources */ = {isa = PBXBuildFile; fileRef = D773DE7F1F36F45900A39C9F /* SandboxBookmark.swift */; };
		D7E81C3E1F925B5F00416A91 /* UserDefaults+Token.swift in Sources */ = {isa = PBXBuildFile; fileRef = D71670AB1F7E914F00AE1AC2 /* UserDefaults+Token.swift */; };
		D7E81C3F1F925B5F00416A91 /* NSFont+.swift in Sources */ = {isa = PBXBuildFile; fileRef = D7CD5F6B1F51185F006AA35D /* NSFont+.swift */; };
		D7E81C401F925B5F00416A91 /* Note+CoreDataProperties.swift in Sources */ = {isa = PBXBuildFile; fileRef = D79FE8A11F77D04A00113CFD /* Note+CoreDataProperties.swift */; };
		D7E81C411F925B5F00416A91 /* SearchTextField.swift in Sources */ = {isa = PBXBuildFile; fileRef = D7508FC71F337E850047AB76 /* SearchTextField.swift */; };
		D7E81C421F925B5F00416A91 /* MainWindowController.swift in Sources */ = {isa = PBXBuildFile; fileRef = 275592961F3AE9B5006B8988 /* MainWindowController.swift */; };
		D7E81C431F925B5F00416A91 /* String+.swift in Sources */ = {isa = PBXBuildFile; fileRef = 6F46BBE61F55320E000D7DB2 /* String+.swift */; };
		D7E81C441F925B5F00416A91 /* NoteCellView.swift in Sources */ = {isa = PBXBuildFile; fileRef = D735E5BC1F2EF66000173215 /* NoteCellView.swift */; };
		D7E81C451F925B5F00416A91 /* FSNotes.xcdatamodeld in Sources */ = {isa = PBXBuildFile; fileRef = D79FE8991F77CDEF00113CFD /* FSNotes.xcdatamodeld */; };
		D7E81C461F925B5F00416A91 /* Note+CoreDataClass.swift in Sources */ = {isa = PBXBuildFile; fileRef = D79FE8A01F77D04A00113CFD /* Note+CoreDataClass.swift */; };
		D7E81C4A1F925B5F00416A91 /* Hello world.md in Resources */ = {isa = PBXBuildFile; fileRef = D7D6FA341F5C68E000E08068 /* Hello world.md */; };
		D7E81C4B1F925B5F00416A91 /* DownView.bundle in Resources */ = {isa = PBXBuildFile; fileRef = D71C4A4D1F520F0E00EBA30B /* DownView.bundle */; };
		D7E81C4C1F925B5F00416A91 /* SourceCodePro-Bold.ttf in Resources */ = {isa = PBXBuildFile; fileRef = D7CD5F671F508E6A006AA35D /* SourceCodePro-Bold.ttf */; };
		D7E81C4D1F925B5F00416A91 /* SourceCodePro-BoldIt.ttf in Resources */ = {isa = PBXBuildFile; fileRef = D7CD5F661F508E6A006AA35D /* SourceCodePro-BoldIt.ttf */; };
		D7E81C4E1F925B5F00416A91 /* SourceCodePro-Regular.ttf in Resources */ = {isa = PBXBuildFile; fileRef = D7DD795A1F4E611200D5724B /* SourceCodePro-Regular.ttf */; };
		D7E81C4F1F925B5F00416A91 /* SourceCodePro-Black.ttf in Resources */ = {isa = PBXBuildFile; fileRef = D7DD79561F4E606600D5724B /* SourceCodePro-Black.ttf */; };
		D7E81C501F925B5F00416A91 /* SourceCodePro-It.ttf in Resources */ = {isa = PBXBuildFile; fileRef = D7DD79551F4E606600D5724B /* SourceCodePro-It.ttf */; };
		D7E81C511F925B5F00416A91 /* pin.png in Resources */ = {isa = PBXBuildFile; fileRef = D7D3D5191F4483EA00D152FE /* pin.png */; };
		D7E81C521F925B5F00416A91 /* makeNote.png in Resources */ = {isa = PBXBuildFile; fileRef = D7D3D5171F44794A00D152FE /* makeNote.png */; };
		D7E81C531F925B5F00416A91 /* Main.storyboard in Resources */ = {isa = PBXBuildFile; fileRef = D7793C781F211C6000CA39B7 /* Main.storyboard */; };
		D7E81C541F925B5F00416A91 /* icons.icns in Resources */ = {isa = PBXBuildFile; fileRef = D735E5B81F2E45CC00173215 /* icons.icns */; };
		D7E81C5D1F925B8E00416A91 /* CloudKit.framework in Frameworks */ = {isa = PBXBuildFile; fileRef = D7E81C5C1F925B8E00416A91 /* CloudKit.framework */; };
		D7F95F3A1FF2759300E2A447 /* NotesTextStorage.swift in Sources */ = {isa = PBXBuildFile; fileRef = D7F95F391FF2759300E2A447 /* NotesTextStorage.swift */; };
		D7FFD09C1FF677ED0064CBA6 /* NotesTextStorage.swift in Sources */ = {isa = PBXBuildFile; fileRef = D7F95F391FF2759300E2A447 /* NotesTextStorage.swift */; };
/* End PBXBuildFile section */

/* Begin PBXContainerItemProxy section */
		D7793C821F211C6000CA39B7 /* PBXContainerItemProxy */ = {
			isa = PBXContainerItemProxy;
			containerPortal = D7793C671F211C6000CA39B7 /* Project object */;
			proxyType = 1;
			remoteGlobalIDString = D7793C6E1F211C6000CA39B7;
			remoteInfo = FSNotes;
		};
		D7793C8D1F211C6000CA39B7 /* PBXContainerItemProxy */ = {
			isa = PBXContainerItemProxy;
			containerPortal = D7793C671F211C6000CA39B7 /* Project object */;
			proxyType = 1;
			remoteGlobalIDString = D7793C6E1F211C6000CA39B7;
			remoteInfo = FSNotes;
		};
/* End PBXContainerItemProxy section */

/* Begin PBXFileReference section */
		1D4CB680A72611EC13792DED /* Pods-FSNotes.debug.xcconfig */ = {isa = PBXFileReference; includeInIndex = 1; lastKnownFileType = text.xcconfig; name = "Pods-FSNotes.debug.xcconfig"; path = "Pods/Target Support Files/Pods-FSNotes/Pods-FSNotes.debug.xcconfig"; sourceTree = "<group>"; };
		275592961F3AE9B5006B8988 /* MainWindowController.swift */ = {isa = PBXFileReference; lastKnownFileType = sourcecode.swift; path = MainWindowController.swift; sourceTree = "<group>"; };
		2F06741487033D206BD611B4 /* Pods-FSNotes.release.xcconfig */ = {isa = PBXFileReference; includeInIndex = 1; lastKnownFileType = text.xcconfig; name = "Pods-FSNotes.release.xcconfig"; path = "Pods/Target Support Files/Pods-FSNotes/Pods-FSNotes.release.xcconfig"; sourceTree = "<group>"; };
		5819B06A38119683938E2D1E /* Pods_FSNotes.framework */ = {isa = PBXFileReference; explicitFileType = wrapper.framework; includeInIndex = 0; path = Pods_FSNotes.framework; sourceTree = BUILT_PRODUCTS_DIR; };
		63E7A6CEB578A475FCE2C47F /* Pods-FSNotes (CloudKit).debug.xcconfig */ = {isa = PBXFileReference; includeInIndex = 1; lastKnownFileType = text.xcconfig; name = "Pods-FSNotes (CloudKit).debug.xcconfig"; path = "Pods/Target Support Files/Pods-FSNotes (CloudKit)/Pods-FSNotes (CloudKit).debug.xcconfig"; sourceTree = "<group>"; };
		6F46BBE61F55320E000D7DB2 /* String+.swift */ = {isa = PBXFileReference; lastKnownFileType = sourcecode.swift; path = "String+.swift"; sourceTree = "<group>"; };
		9FBB093D768873B26FFAABF6 /* Pods_FSNotes__CloudKit_.framework */ = {isa = PBXFileReference; explicitFileType = wrapper.framework; includeInIndex = 0; path = Pods_FSNotes__CloudKit_.framework; sourceTree = BUILT_PRODUCTS_DIR; };
		D7097FCA1FB8CA4A00144D8F /* StorageTableView.swift */ = {isa = PBXFileReference; lastKnownFileType = sourcecode.swift; path = StorageTableView.swift; sourceTree = "<group>"; };
		D71670AB1F7E914F00AE1AC2 /* UserDefaults+Token.swift */ = {isa = PBXFileReference; lastKnownFileType = sourcecode.swift; path = "UserDefaults+Token.swift"; sourceTree = "<group>"; };
		D71C4A4D1F520F0E00EBA30B /* DownView.bundle */ = {isa = PBXFileReference; lastKnownFileType = "wrapper.plug-in"; path = DownView.bundle; sourceTree = "<group>"; };
		D72E05861F5220D300977D02 /* Down.framework */ = {isa = PBXFileReference; lastKnownFileType = wrapper.framework; path = Down.framework; sourceTree = "<group>"; };
		D735E5B81F2E45CC00173215 /* icons.icns */ = {isa = PBXFileReference; lastKnownFileType = image.icns; path = icons.icns; sourceTree = "<group>"; };
		D735E5BC1F2EF66000173215 /* NoteCellView.swift */ = {isa = PBXFileReference; lastKnownFileType = sourcecode.swift; path = NoteCellView.swift; sourceTree = "<group>"; };
		D735E5BE1F2F001500173215 /* NoteRowView.swift */ = {isa = PBXFileReference; lastKnownFileType = sourcecode.swift; path = NoteRowView.swift; sourceTree = "<group>"; };
		D74112271FABA21B00AB619A /* MainWindow.swift */ = {isa = PBXFileReference; lastKnownFileType = sourcecode.swift; path = MainWindow.swift; sourceTree = "<group>"; };
		D741122A1FACA10A00AB619A /* PrefsWindow.swift */ = {isa = PBXFileReference; lastKnownFileType = sourcecode.swift; path = PrefsWindow.swift; sourceTree = "<group>"; };
		D74922111FACE9B100C45108 /* Down.framework */ = {isa = PBXFileReference; explicitFileType = wrapper.framework; path = Down.framework; sourceTree = BUILT_PRODUCTS_DIR; };
		D7508FC71F337E850047AB76 /* SearchTextField.swift */ = {isa = PBXFileReference; lastKnownFileType = sourcecode.swift; path = SearchTextField.swift; sourceTree = "<group>"; };
		D7508FCD1F3438540047AB76 /* PrefsViewController.swift */ = {isa = PBXFileReference; lastKnownFileType = sourcecode.swift; path = PrefsViewController.swift; sourceTree = "<group>"; };
		D75AD2301F41E4550026C65D /* Bridging-Header.h */ = {isa = PBXFileReference; lastKnownFileType = sourcecode.c.h; path = "Bridging-Header.h"; sourceTree = "<group>"; };
		D76447DB1F3A4F0700965F01 /* UserDefaultsManagement.swift */ = {isa = PBXFileReference; lastKnownFileType = sourcecode.swift; path = UserDefaultsManagement.swift; sourceTree = "<group>"; };
		D773DE7F1F36F45900A39C9F /* SandboxBookmark.swift */ = {isa = PBXFileReference; lastKnownFileType = sourcecode.swift; path = SandboxBookmark.swift; sourceTree = "<group>"; };
		D77671B71FACEDDE00DDF28D /* MASShortcut.framework */ = {isa = PBXFileReference; explicitFileType = wrapper.framework; path = MASShortcut.framework; sourceTree = BUILT_PRODUCTS_DIR; };
		D77671B81FACEDDE00DDF28D /* Pods_FSNotes.framework */ = {isa = PBXFileReference; explicitFileType = wrapper.framework; path = Pods_FSNotes.framework; sourceTree = BUILT_PRODUCTS_DIR; };
		D7793C6F1F211C6000CA39B7 /* FSNotes.app */ = {isa = PBXFileReference; explicitFileType = wrapper.application; includeInIndex = 0; path = FSNotes.app; sourceTree = BUILT_PRODUCTS_DIR; };
		D7793C721F211C6000CA39B7 /* AppDelegate.swift */ = {isa = PBXFileReference; lastKnownFileType = sourcecode.swift; path = AppDelegate.swift; sourceTree = "<group>"; };
		D7793C741F211C6000CA39B7 /* ViewController.swift */ = {isa = PBXFileReference; lastKnownFileType = sourcecode.swift; path = ViewController.swift; sourceTree = "<group>"; };
		D7793C791F211C6000CA39B7 /* Base */ = {isa = PBXFileReference; lastKnownFileType = file.storyboard; name = Base; path = Base.lproj/Main.storyboard; sourceTree = "<group>"; };
		D7793C7B1F211C6000CA39B7 /* Info.plist */ = {isa = PBXFileReference; lastKnownFileType = text.plist.xml; path = Info.plist; sourceTree = "<group>"; };
		D7793C7C1F211C6000CA39B7 /* FSNotes.entitlements */ = {isa = PBXFileReference; lastKnownFileType = text.plist.entitlements; path = FSNotes.entitlements; sourceTree = "<group>"; };
		D7793C811F211C6000CA39B7 /* FSNotesTests.xctest */ = {isa = PBXFileReference; explicitFileType = wrapper.cfbundle; includeInIndex = 0; path = FSNotesTests.xctest; sourceTree = BUILT_PRODUCTS_DIR; };
		D7793C851F211C6000CA39B7 /* FSNotesTests.swift */ = {isa = PBXFileReference; lastKnownFileType = sourcecode.swift; path = FSNotesTests.swift; sourceTree = "<group>"; };
		D7793C871F211C6000CA39B7 /* Info.plist */ = {isa = PBXFileReference; lastKnownFileType = text.plist.xml; path = Info.plist; sourceTree = "<group>"; };
		D7793C8C1F211C6000CA39B7 /* FSNotesUITests.xctest */ = {isa = PBXFileReference; explicitFileType = wrapper.cfbundle; includeInIndex = 0; path = FSNotesUITests.xctest; sourceTree = BUILT_PRODUCTS_DIR; };
		D7793C901F211C6000CA39B7 /* FSNotesUITests.swift */ = {isa = PBXFileReference; lastKnownFileType = sourcecode.swift; path = FSNotesUITests.swift; sourceTree = "<group>"; };
		D7793C921F211C6000CA39B7 /* Info.plist */ = {isa = PBXFileReference; lastKnownFileType = text.plist.xml; path = Info.plist; sourceTree = "<group>"; };
		D779C7BA1F415BE300FADEE1 /* PrefsWindowController.swift */ = {isa = PBXFileReference; lastKnownFileType = sourcecode.swift; path = PrefsWindowController.swift; sourceTree = "<group>"; };
		D78D20D41F934C05006DBBC3 /* FSNotes (CloudKit).entitlements */ = {isa = PBXFileReference; fileEncoding = 4; lastKnownFileType = text.plist.entitlements; path = "FSNotes (CloudKit).entitlements"; sourceTree = "<group>"; };
		D797004B1F3DD10700BAD94D /* EditTextView.swift */ = {isa = PBXFileReference; lastKnownFileType = sourcecode.swift; path = EditTextView.swift; sourceTree = "<group>"; };
		D797004F1F3E19C600BAD94D /* DocumentAttributes.swift */ = {isa = PBXFileReference; lastKnownFileType = sourcecode.swift; path = DocumentAttributes.swift; sourceTree = "<group>"; };
		D79FE89A1F77CDEF00113CFD /* FSNotes.xcdatamodel */ = {isa = PBXFileReference; lastKnownFileType = wrapper.xcdatamodel; path = FSNotes.xcdatamodel; sourceTree = "<group>"; };
		D79FE8A01F77D04A00113CFD /* Note+CoreDataClass.swift */ = {isa = PBXFileReference; lastKnownFileType = sourcecode.swift; path = "Note+CoreDataClass.swift"; sourceTree = "<group>"; };
		D79FE8A11F77D04A00113CFD /* Note+CoreDataProperties.swift */ = {isa = PBXFileReference; lastKnownFileType = sourcecode.swift; path = "Note+CoreDataProperties.swift"; sourceTree = "<group>"; };
		D79FE8A41F78377E00113CFD /* CloudKitManager.swift */ = {isa = PBXFileReference; lastKnownFileType = sourcecode.swift; path = CloudKitManager.swift; sourceTree = "<group>"; };
		D7A415131F2FBDA00099B82C /* NotesTableView.swift */ = {isa = PBXFileReference; lastKnownFileType = sourcecode.swift; path = NotesTableView.swift; sourceTree = "<group>"; };
		D7A9FD301FCB4873008ED23C /* MarkdownView.swift */ = {isa = PBXFileReference; lastKnownFileType = sourcecode.swift; path = MarkdownView.swift; sourceTree = "<group>"; };
		D7AFD80C1F78CC450000B44A /* CKRecord+.swift */ = {isa = PBXFileReference; lastKnownFileType = sourcecode.swift; path = "CKRecord+.swift"; sourceTree = "<group>"; };
		D7B0EEFC1FDEF93E008B04C3 /* NotificationsController.swift */ = {isa = PBXFileReference; lastKnownFileType = sourcecode.swift; path = NotificationsController.swift; sourceTree = "<group>"; };
		D7BC2F451F7675850007298E /* CoreDataManager.swift */ = {isa = PBXFileReference; lastKnownFileType = sourcecode.swift; path = CoreDataManager.swift; sourceTree = "<group>"; };
		D7C542991FC4A74000EF1F94 /* StorageItem+CoreDataProperties.swift */ = {isa = PBXFileReference; fileEncoding = 4; lastKnownFileType = sourcecode.swift; path = "StorageItem+CoreDataProperties.swift"; sourceTree = "<group>"; };
		D7C5429A1FC4A74000EF1F94 /* StorageItem+CoreDataClass.swift */ = {isa = PBXFileReference; fileEncoding = 4; lastKnownFileType = sourcecode.swift; path = "StorageItem+CoreDataClass.swift"; sourceTree = "<group>"; };
		D7CD5F661F508E6A006AA35D /* SourceCodePro-BoldIt.ttf */ = {isa = PBXFileReference; lastKnownFileType = file; path = "SourceCodePro-BoldIt.ttf"; sourceTree = "<group>"; };
		D7CD5F671F508E6A006AA35D /* SourceCodePro-Bold.ttf */ = {isa = PBXFileReference; lastKnownFileType = file; path = "SourceCodePro-Bold.ttf"; sourceTree = "<group>"; };
		D7CD5F6B1F51185F006AA35D /* NSFont+.swift */ = {isa = PBXFileReference; lastKnownFileType = sourcecode.swift; path = "NSFont+.swift"; sourceTree = "<group>"; };
		D7CE196B1FA4BA5E004BF8EE /* PreviewTextField.swift */ = {isa = PBXFileReference; lastKnownFileType = sourcecode.swift; path = PreviewTextField.swift; sourceTree = "<group>"; };
		D7D3D5171F44794A00D152FE /* makeNote.png */ = {isa = PBXFileReference; lastKnownFileType = image.png; path = makeNote.png; sourceTree = "<group>"; };
		D7D3D5191F4483EA00D152FE /* pin.png */ = {isa = PBXFileReference; lastKnownFileType = image.png; path = pin.png; sourceTree = "<group>"; };
		D7D6FA341F5C68E000E08068 /* Hello world.md */ = {isa = PBXFileReference; lastKnownFileType = net.daringfireball.markdown; path = "Hello world.md"; sourceTree = "<group>"; };
		D7DD5A871F88D4EA00CE947E /* FileWatcher.swift */ = {isa = PBXFileReference; lastKnownFileType = sourcecode.swift; path = FileWatcher.swift; sourceTree = "<group>"; };
		D7DD5A891F88D50000CE947E /* FileWatcherEvent.swift */ = {isa = PBXFileReference; lastKnownFileType = sourcecode.swift; path = FileWatcherEvent.swift; sourceTree = "<group>"; };
		D7DD79551F4E606600D5724B /* SourceCodePro-It.ttf */ = {isa = PBXFileReference; lastKnownFileType = file; path = "SourceCodePro-It.ttf"; sourceTree = "<group>"; };
		D7DD79561F4E606600D5724B /* SourceCodePro-Black.ttf */ = {isa = PBXFileReference; lastKnownFileType = file; path = "SourceCodePro-Black.ttf"; sourceTree = "<group>"; };
		D7DD795A1F4E611200D5724B /* SourceCodePro-Regular.ttf */ = {isa = PBXFileReference; lastKnownFileType = file; path = "SourceCodePro-Regular.ttf"; sourceTree = "<group>"; };
		D7E025071F3B6DDB00EDDA32 /* Storage.swift */ = {isa = PBXFileReference; lastKnownFileType = sourcecode.swift; path = Storage.swift; sourceTree = "<group>"; };
		D7E81C5A1F925B5F00416A91 /* FSNotes.app */ = {isa = PBXFileReference; explicitFileType = wrapper.application; includeInIndex = 0; path = FSNotes.app; sourceTree = BUILT_PRODUCTS_DIR; };
		D7E81C5C1F925B8E00416A91 /* CloudKit.framework */ = {isa = PBXFileReference; lastKnownFileType = wrapper.framework; name = CloudKit.framework; path = System/Library/Frameworks/CloudKit.framework; sourceTree = SDKROOT; };
		D7F95F391FF2759300E2A447 /* NotesTextStorage.swift */ = {isa = PBXFileReference; lastKnownFileType = sourcecode.swift; path = NotesTextStorage.swift; sourceTree = "<group>"; };
		F3A83507E865DA95F2735CC8 /* Pods-FSNotes (CloudKit).release.xcconfig */ = {isa = PBXFileReference; includeInIndex = 1; lastKnownFileType = text.xcconfig; name = "Pods-FSNotes (CloudKit).release.xcconfig"; path = "Pods/Target Support Files/Pods-FSNotes (CloudKit)/Pods-FSNotes (CloudKit).release.xcconfig"; sourceTree = "<group>"; };
/* End PBXFileReference section */

/* Begin PBXFrameworksBuildPhase section */
		D7793C6C1F211C6000CA39B7 /* Frameworks */ = {
			isa = PBXFrameworksBuildPhase;
			buildActionMask = 2147483647;
			files = (
				93D1825473D129F6D510814D /* Pods_FSNotes.framework in Frameworks */,
			);
			runOnlyForDeploymentPostprocessing = 0;
		};
		D7793C7E1F211C6000CA39B7 /* Frameworks */ = {
			isa = PBXFrameworksBuildPhase;
			buildActionMask = 2147483647;
			files = (
			);
			runOnlyForDeploymentPostprocessing = 0;
		};
		D7793C891F211C6000CA39B7 /* Frameworks */ = {
			isa = PBXFrameworksBuildPhase;
			buildActionMask = 2147483647;
			files = (
			);
			runOnlyForDeploymentPostprocessing = 0;
		};
		D7E81C471F925B5F00416A91 /* Frameworks */ = {
			isa = PBXFrameworksBuildPhase;
			buildActionMask = 2147483647;
			files = (
				D7E81C5D1F925B8E00416A91 /* CloudKit.framework in Frameworks */,
				14027393D4820E0F5320AE4F /* Pods_FSNotes__CloudKit_.framework in Frameworks */,
			);
			runOnlyForDeploymentPostprocessing = 0;
		};
/* End PBXFrameworksBuildPhase section */

/* Begin PBXGroup section */
		A124E2E6306B074DE002E8BA /* Pods */ = {
			isa = PBXGroup;
			children = (
				1D4CB680A72611EC13792DED /* Pods-FSNotes.debug.xcconfig */,
				2F06741487033D206BD611B4 /* Pods-FSNotes.release.xcconfig */,
				63E7A6CEB578A475FCE2C47F /* Pods-FSNotes (CloudKit).debug.xcconfig */,
				F3A83507E865DA95F2735CC8 /* Pods-FSNotes (CloudKit).release.xcconfig */,
			);
			name = Pods;
			sourceTree = "<group>";
		};
		C5F4774EAA923C4003B182F8 /* Frameworks */ = {
			isa = PBXGroup;
			children = (
				D77671B71FACEDDE00DDF28D /* MASShortcut.framework */,
				D77671B81FACEDDE00DDF28D /* Pods_FSNotes.framework */,
				D74922111FACE9B100C45108 /* Down.framework */,
				D7E81C5C1F925B8E00416A91 /* CloudKit.framework */,
				D72E05861F5220D300977D02 /* Down.framework */,
				5819B06A38119683938E2D1E /* Pods_FSNotes.framework */,
				9FBB093D768873B26FFAABF6 /* Pods_FSNotes__CloudKit_.framework */,
			);
			name = Frameworks;
			sourceTree = "<group>";
		};
		D773DE811F36F4AF00A39C9F /* Model */ = {
			isa = PBXGroup;
			children = (
				D79FE8A01F77D04A00113CFD /* Note+CoreDataClass.swift */,
				D79FE8A11F77D04A00113CFD /* Note+CoreDataProperties.swift */,
				D7C5429A1FC4A74000EF1F94 /* StorageItem+CoreDataClass.swift */,
				D7C542991FC4A74000EF1F94 /* StorageItem+CoreDataProperties.swift */,
				D773DE7F1F36F45900A39C9F /* SandboxBookmark.swift */,
				D76447DB1F3A4F0700965F01 /* UserDefaultsManagement.swift */,
				D7E025071F3B6DDB00EDDA32 /* Storage.swift */,
				D797004F1F3E19C600BAD94D /* DocumentAttributes.swift */,
				D7BC2F451F7675850007298E /* CoreDataManager.swift */,
				D79FE8A41F78377E00113CFD /* CloudKitManager.swift */,
			);
			path = Model;
			sourceTree = "<group>";
		};
		D7793C661F211C6000CA39B7 = {
			isa = PBXGroup;
			children = (
				D7D61FCC1F32EEA1004357C2 /* Resources */,
				D7793C711F211C6000CA39B7 /* FSNotes */,
				D7793C841F211C6000CA39B7 /* FSNotesTests */,
				D7793C8F1F211C6000CA39B7 /* FSNotesUITests */,
				D7793C701F211C6000CA39B7 /* Products */,
				A124E2E6306B074DE002E8BA /* Pods */,
				C5F4774EAA923C4003B182F8 /* Frameworks */,
			);
			sourceTree = "<group>";
		};
		D7793C701F211C6000CA39B7 /* Products */ = {
			isa = PBXGroup;
			children = (
				D7793C6F1F211C6000CA39B7 /* FSNotes.app */,
				D7793C811F211C6000CA39B7 /* FSNotesTests.xctest */,
				D7793C8C1F211C6000CA39B7 /* FSNotesUITests.xctest */,
				D7E81C5A1F925B5F00416A91 /* FSNotes.app */,
			);
			name = Products;
			sourceTree = "<group>";
		};
		D7793C711F211C6000CA39B7 /* FSNotes */ = {
			isa = PBXGroup;
			children = (
				D7B00BA71FBB14010021472E /* Preferences */,
				D7CD5F6A1F51184A006AA35D /* Utils */,
				D773DE811F36F4AF00A39C9F /* Model */,
				D7793C721F211C6000CA39B7 /* AppDelegate.swift */,
				275592961F3AE9B5006B8988 /* MainWindowController.swift */,
				D7793C741F211C6000CA39B7 /* ViewController.swift */,
				D7B0EEFC1FDEF93E008B04C3 /* NotificationsController.swift */,
				D7793C781F211C6000CA39B7 /* Main.storyboard */,
				D7793C7B1F211C6000CA39B7 /* Info.plist */,
				D7793C7C1F211C6000CA39B7 /* FSNotes.entitlements */,
				D78D20D41F934C05006DBBC3 /* FSNotes (CloudKit).entitlements */,
				D735E5BC1F2EF66000173215 /* NoteCellView.swift */,
				D735E5BE1F2F001500173215 /* NoteRowView.swift */,
				D7F95F391FF2759300E2A447 /* NotesTextStorage.swift */,
				D741122A1FACA10A00AB619A /* PrefsWindow.swift */,
				D7A415131F2FBDA00099B82C /* NotesTableView.swift */,
				D74112271FABA21B00AB619A /* MainWindow.swift */,
				D7508FC71F337E850047AB76 /* SearchTextField.swift */,
				D7CE196B1FA4BA5E004BF8EE /* PreviewTextField.swift */,
				D797004B1F3DD10700BAD94D /* EditTextView.swift */,
				D75AD2301F41E4550026C65D /* Bridging-Header.h */,
				D79FE8991F77CDEF00113CFD /* FSNotes.xcdatamodeld */,
				D7A9FD301FCB4873008ED23C /* MarkdownView.swift */,
			);
			path = FSNotes;
			sourceTree = "<group>";
		};
		D7793C841F211C6000CA39B7 /* FSNotesTests */ = {
			isa = PBXGroup;
			children = (
				D7793C851F211C6000CA39B7 /* FSNotesTests.swift */,
				D7793C871F211C6000CA39B7 /* Info.plist */,
			);
			path = FSNotesTests;
			sourceTree = "<group>";
		};
		D7793C8F1F211C6000CA39B7 /* FSNotesUITests */ = {
			isa = PBXGroup;
			children = (
				D7793C901F211C6000CA39B7 /* FSNotesUITests.swift */,
				D7793C921F211C6000CA39B7 /* Info.plist */,
			);
			path = FSNotesUITests;
			sourceTree = "<group>";
		};
		D7B00BA71FBB14010021472E /* Preferences */ = {
			isa = PBXGroup;
			children = (
				D7097FCA1FB8CA4A00144D8F /* StorageTableView.swift */,
				D779C7BA1F415BE300FADEE1 /* PrefsWindowController.swift */,
				D7508FCD1F3438540047AB76 /* PrefsViewController.swift */,
			);
			path = Preferences;
			sourceTree = "<group>";
		};
		D7CD5F6A1F51184A006AA35D /* Utils */ = {
			isa = PBXGroup;
			children = (
				D7DD5A871F88D4EA00CE947E /* FileWatcher.swift */,
				D7DD5A891F88D50000CE947E /* FileWatcherEvent.swift */,
				D7CD5F6B1F51185F006AA35D /* NSFont+.swift */,
				6F46BBE61F55320E000D7DB2 /* String+.swift */,
				D7AFD80C1F78CC450000B44A /* CKRecord+.swift */,
				D71670AB1F7E914F00AE1AC2 /* UserDefaults+Token.swift */,
			);
			path = Utils;
			sourceTree = "<group>";
		};
		D7D61FCC1F32EEA1004357C2 /* Resources */ = {
			isa = PBXGroup;
			children = (
				D71C4A4D1F520F0E00EBA30B /* DownView.bundle */,
				D7DD79561F4E606600D5724B /* SourceCodePro-Black.ttf */,
				D7CD5F671F508E6A006AA35D /* SourceCodePro-Bold.ttf */,
				D7CD5F661F508E6A006AA35D /* SourceCodePro-BoldIt.ttf */,
				D7DD79551F4E606600D5724B /* SourceCodePro-It.ttf */,
				D7DD795A1F4E611200D5724B /* SourceCodePro-Regular.ttf */,
				D735E5B81F2E45CC00173215 /* icons.icns */,
				D7D3D5191F4483EA00D152FE /* pin.png */,
				D7D3D5171F44794A00D152FE /* makeNote.png */,
				D7D6FA341F5C68E000E08068 /* Hello world.md */,
			);
			path = Resources;
			sourceTree = "<group>";
		};
/* End PBXGroup section */

/* Begin PBXNativeTarget section */
		D7793C6E1F211C6000CA39B7 /* FSNotes */ = {
			isa = PBXNativeTarget;
			buildConfigurationList = D7793C951F211C6000CA39B7 /* Build configuration list for PBXNativeTarget "FSNotes" */;
			buildPhases = (
				44FD744BA8F39342864F08EE /* [CP] Check Pods Manifest.lock */,
				D7793C6B1F211C6000CA39B7 /* Sources */,
				D7793C6C1F211C6000CA39B7 /* Frameworks */,
				D7793C6D1F211C6000CA39B7 /* Resources */,
				EF05BC144E24BED78E33FAB7 /* [CP] Embed Pods Frameworks */,
				7FD36A76B108D5E0D66C9CA6 /* [CP] Copy Pods Resources */,
			);
			buildRules = (
			);
			dependencies = (
			);
			name = FSNotes;
			productName = FSNotes;
			productReference = D7793C6F1F211C6000CA39B7 /* FSNotes.app */;
			productType = "com.apple.product-type.application";
		};
		D7793C801F211C6000CA39B7 /* FSNotesTests */ = {
			isa = PBXNativeTarget;
			buildConfigurationList = D7793C981F211C6000CA39B7 /* Build configuration list for PBXNativeTarget "FSNotesTests" */;
			buildPhases = (
				D7793C7D1F211C6000CA39B7 /* Sources */,
				D7793C7E1F211C6000CA39B7 /* Frameworks */,
				D7793C7F1F211C6000CA39B7 /* Resources */,
			);
			buildRules = (
			);
			dependencies = (
				D7793C831F211C6000CA39B7 /* PBXTargetDependency */,
			);
			name = FSNotesTests;
			productName = FSNotesTests;
			productReference = D7793C811F211C6000CA39B7 /* FSNotesTests.xctest */;
			productType = "com.apple.product-type.bundle.unit-test";
		};
		D7793C8B1F211C6000CA39B7 /* FSNotesUITests */ = {
			isa = PBXNativeTarget;
			buildConfigurationList = D7793C9B1F211C6000CA39B7 /* Build configuration list for PBXNativeTarget "FSNotesUITests" */;
			buildPhases = (
				D7793C881F211C6000CA39B7 /* Sources */,
				D7793C891F211C6000CA39B7 /* Frameworks */,
				D7793C8A1F211C6000CA39B7 /* Resources */,
			);
			buildRules = (
			);
			dependencies = (
				D7793C8E1F211C6000CA39B7 /* PBXTargetDependency */,
			);
			name = FSNotesUITests;
			productName = FSNotesUITests;
			productReference = D7793C8C1F211C6000CA39B7 /* FSNotesUITests.xctest */;
			productType = "com.apple.product-type.bundle.ui-testing";
		};
		D7E81C2B1F925B5F00416A91 /* FSNotes (CloudKit) */ = {
			isa = PBXNativeTarget;
			buildConfigurationList = D7E81C571F925B5F00416A91 /* Build configuration list for PBXNativeTarget "FSNotes (CloudKit)" */;
			buildPhases = (
				FE1FA4DE05AA000556FC1C26 /* [CP] Check Pods Manifest.lock */,
				D7E81C2D1F925B5F00416A91 /* Sources */,
				D7E81C471F925B5F00416A91 /* Frameworks */,
				D7E81C491F925B5F00416A91 /* Resources */,
				BF61150B51B7D0597D6A832B /* [CP] Embed Pods Frameworks */,
				2F2B90B91846AD4C386A8A40 /* [CP] Copy Pods Resources */,
			);
			buildRules = (
			);
			dependencies = (
			);
			name = "FSNotes (CloudKit)";
			productName = FSNotes;
			productReference = D7E81C5A1F925B5F00416A91 /* FSNotes.app */;
			productType = "com.apple.product-type.application";
		};
/* End PBXNativeTarget section */

/* Begin PBXProject section */
		D7793C671F211C6000CA39B7 /* Project object */ = {
			isa = PBXProject;
			attributes = {
				LastSwiftUpdateCheck = 0900;
				LastUpgradeCheck = 0910;
				ORGANIZATIONNAME = "Oleksandr Glushchenko";
				TargetAttributes = {
					D7793C6E1F211C6000CA39B7 = {
						CreatedOnToolsVersion = 9.0;
						ProvisioningStyle = Manual;
						SystemCapabilities = {
							com.apple.ApplicationGroups.Mac = {
								enabled = 0;
							};
							com.apple.Push = {
								enabled = 0;
							};
							com.apple.Sandbox = {
								enabled = 0;
							};
							com.apple.iCloud = {
								enabled = 0;
							};
						};
					};
					D7793C801F211C6000CA39B7 = {
						CreatedOnToolsVersion = 9.0;
						TestTargetID = D7793C6E1F211C6000CA39B7;
					};
					D7793C8B1F211C6000CA39B7 = {
						CreatedOnToolsVersion = 9.0;
						TestTargetID = D7793C6E1F211C6000CA39B7;
					};
					D7E81C2B1F925B5F00416A91 = {
						LastSwiftMigration = 0910;
						ProvisioningStyle = Manual;
						SystemCapabilities = {
							com.apple.Push = {
								enabled = 1;
							};
							com.apple.iCloud = {
								enabled = 1;
							};
						};
					};
				};
			};
			buildConfigurationList = D7793C6A1F211C6000CA39B7 /* Build configuration list for PBXProject "FSNotes" */;
			compatibilityVersion = "Xcode 8.0";
			developmentRegion = en;
			hasScannedForEncodings = 0;
			knownRegions = (
				en,
				Base,
			);
			mainGroup = D7793C661F211C6000CA39B7;
			productRefGroup = D7793C701F211C6000CA39B7 /* Products */;
			projectDirPath = "";
			projectRoot = "";
			targets = (
				D7793C6E1F211C6000CA39B7 /* FSNotes */,
				D7793C801F211C6000CA39B7 /* FSNotesTests */,
				D7793C8B1F211C6000CA39B7 /* FSNotesUITests */,
				D7E81C2B1F925B5F00416A91 /* FSNotes (CloudKit) */,
			);
		};
/* End PBXProject section */

/* Begin PBXResourcesBuildPhase section */
		D7793C6D1F211C6000CA39B7 /* Resources */ = {
			isa = PBXResourcesBuildPhase;
			buildActionMask = 2147483647;
			files = (
				D7D6FA351F5C6AE300E08068 /* Hello world.md in Resources */,
				D71C4A4E1F520F1B00EBA30B /* DownView.bundle in Resources */,
				D7CD5F681F508E74006AA35D /* SourceCodePro-Bold.ttf in Resources */,
				D7CD5F691F508E74006AA35D /* SourceCodePro-BoldIt.ttf in Resources */,
				D7DD795B1F4E611D00D5724B /* SourceCodePro-Regular.ttf in Resources */,
				D7DD79581F4E60D000D5724B /* SourceCodePro-Black.ttf in Resources */,
				D7DD79591F4E60D000D5724B /* SourceCodePro-It.ttf in Resources */,
				D7D3D51A1F4483F500D152FE /* pin.png in Resources */,
				D7D3D5181F44799400D152FE /* makeNote.png in Resources */,
				D7166F541F32F75E001A883F /* Main.storyboard in Resources */,
				D7166F531F32F751001A883F /* icons.icns in Resources */,
			);
			runOnlyForDeploymentPostprocessing = 0;
		};
		D7793C7F1F211C6000CA39B7 /* Resources */ = {
			isa = PBXResourcesBuildPhase;
			buildActionMask = 2147483647;
			files = (
			);
			runOnlyForDeploymentPostprocessing = 0;
		};
		D7793C8A1F211C6000CA39B7 /* Resources */ = {
			isa = PBXResourcesBuildPhase;
			buildActionMask = 2147483647;
			files = (
			);
			runOnlyForDeploymentPostprocessing = 0;
		};
		D7E81C491F925B5F00416A91 /* Resources */ = {
			isa = PBXResourcesBuildPhase;
			buildActionMask = 2147483647;
			files = (
				D7E81C4A1F925B5F00416A91 /* Hello world.md in Resources */,
				D7E81C4B1F925B5F00416A91 /* DownView.bundle in Resources */,
				D7E81C4C1F925B5F00416A91 /* SourceCodePro-Bold.ttf in Resources */,
				D7E81C4D1F925B5F00416A91 /* SourceCodePro-BoldIt.ttf in Resources */,
				D7E81C4E1F925B5F00416A91 /* SourceCodePro-Regular.ttf in Resources */,
				D7E81C4F1F925B5F00416A91 /* SourceCodePro-Black.ttf in Resources */,
				D7E81C501F925B5F00416A91 /* SourceCodePro-It.ttf in Resources */,
				D7E81C511F925B5F00416A91 /* pin.png in Resources */,
				D7E81C521F925B5F00416A91 /* makeNote.png in Resources */,
				D7E81C531F925B5F00416A91 /* Main.storyboard in Resources */,
				D7E81C541F925B5F00416A91 /* icons.icns in Resources */,
			);
			runOnlyForDeploymentPostprocessing = 0;
		};
/* End PBXResourcesBuildPhase section */

/* Begin PBXShellScriptBuildPhase section */
		2F2B90B91846AD4C386A8A40 /* [CP] Copy Pods Resources */ = {
			isa = PBXShellScriptBuildPhase;
			buildActionMask = 2147483647;
			files = (
			);
			inputPaths = (
			);
			name = "[CP] Copy Pods Resources";
			outputPaths = (
			);
			runOnlyForDeploymentPostprocessing = 0;
			shellPath = /bin/sh;
			shellScript = "\"${SRCROOT}/Pods/Target Support Files/Pods-FSNotes (CloudKit)/Pods-FSNotes (CloudKit)-resources.sh\"\n";
			showEnvVarsInLog = 0;
		};
		44FD744BA8F39342864F08EE /* [CP] Check Pods Manifest.lock */ = {
			isa = PBXShellScriptBuildPhase;
			buildActionMask = 2147483647;
			files = (
			);
			inputPaths = (
				"${PODS_PODFILE_DIR_PATH}/Podfile.lock",
				"${PODS_ROOT}/Manifest.lock",
			);
			name = "[CP] Check Pods Manifest.lock";
			outputPaths = (
				"$(DERIVED_FILE_DIR)/Pods-FSNotes-checkManifestLockResult.txt",
			);
			runOnlyForDeploymentPostprocessing = 0;
			shellPath = /bin/sh;
			shellScript = "diff \"${PODS_PODFILE_DIR_PATH}/Podfile.lock\" \"${PODS_ROOT}/Manifest.lock\" > /dev/null\nif [ $? != 0 ] ; then\n    # print error to STDERR\n    echo \"error: The sandbox is not in sync with the Podfile.lock. Run 'pod install' or update your CocoaPods installation.\" >&2\n    exit 1\nfi\n# This output is used by Xcode 'outputs' to avoid re-running this script phase.\necho \"SUCCESS\" > \"${SCRIPT_OUTPUT_FILE_0}\"\n";
			showEnvVarsInLog = 0;
		};
		7FD36A76B108D5E0D66C9CA6 /* [CP] Copy Pods Resources */ = {
			isa = PBXShellScriptBuildPhase;
			buildActionMask = 2147483647;
			files = (
			);
			inputPaths = (
				"${SRCROOT}/Pods/Target Support Files/Pods-FSNotes/Pods-FSNotes-resources.sh",
				$PODS_CONFIGURATION_BUILD_DIR/MASShortcut/MASShortcut.bundle,
			);
			name = "[CP] Copy Pods Resources";
			outputPaths = (
				"${TARGET_BUILD_DIR}/${UNLOCALIZED_RESOURCES_FOLDER_PATH}",
			);
			runOnlyForDeploymentPostprocessing = 0;
			shellPath = /bin/sh;
			shellScript = "\"${SRCROOT}/Pods/Target Support Files/Pods-FSNotes/Pods-FSNotes-resources.sh\"\n";
			showEnvVarsInLog = 0;
		};
		BF61150B51B7D0597D6A832B /* [CP] Embed Pods Frameworks */ = {
			isa = PBXShellScriptBuildPhase;
			buildActionMask = 2147483647;
			files = (
			);
			inputPaths = (
				"${SRCROOT}/Pods/Target Support Files/Pods-FSNotes (CloudKit)/Pods-FSNotes (CloudKit)-frameworks.sh",
				"${BUILT_PRODUCTS_DIR}/Down/Down.framework",
				"${BUILT_PRODUCTS_DIR}/Highlightr/Highlightr.framework",
				"${BUILT_PRODUCTS_DIR}/MASShortcut/MASShortcut.framework",
				"${BUILT_PRODUCTS_DIR}/Marklight/Marklight.framework",
			);
			name = "[CP] Embed Pods Frameworks";
			outputPaths = (
				"${TARGET_BUILD_DIR}/${FRAMEWORKS_FOLDER_PATH}/Down.framework",
				"${TARGET_BUILD_DIR}/${FRAMEWORKS_FOLDER_PATH}/Highlightr.framework",
				"${TARGET_BUILD_DIR}/${FRAMEWORKS_FOLDER_PATH}/MASShortcut.framework",
				"${TARGET_BUILD_DIR}/${FRAMEWORKS_FOLDER_PATH}/Marklight.framework",
			);
			runOnlyForDeploymentPostprocessing = 0;
			shellPath = /bin/sh;
			shellScript = "\"${SRCROOT}/Pods/Target Support Files/Pods-FSNotes (CloudKit)/Pods-FSNotes (CloudKit)-frameworks.sh\"\n";
			showEnvVarsInLog = 0;
		};
		EF05BC144E24BED78E33FAB7 /* [CP] Embed Pods Frameworks */ = {
			isa = PBXShellScriptBuildPhase;
			buildActionMask = 2147483647;
			files = (
			);
			inputPaths = (
				"${SRCROOT}/Pods/Target Support Files/Pods-FSNotes/Pods-FSNotes-frameworks.sh",
				"${BUILT_PRODUCTS_DIR}/Down/Down.framework",
				"${BUILT_PRODUCTS_DIR}/Highlightr/Highlightr.framework",
				"${BUILT_PRODUCTS_DIR}/MASShortcut/MASShortcut.framework",
				"${BUILT_PRODUCTS_DIR}/Marklight/Marklight.framework",
			);
			name = "[CP] Embed Pods Frameworks";
			outputPaths = (
				"${TARGET_BUILD_DIR}/${FRAMEWORKS_FOLDER_PATH}/Down.framework",
				"${TARGET_BUILD_DIR}/${FRAMEWORKS_FOLDER_PATH}/Highlightr.framework",
				"${TARGET_BUILD_DIR}/${FRAMEWORKS_FOLDER_PATH}/MASShortcut.framework",
				"${TARGET_BUILD_DIR}/${FRAMEWORKS_FOLDER_PATH}/Marklight.framework",
			);
			runOnlyForDeploymentPostprocessing = 0;
			shellPath = /bin/sh;
			shellScript = "\"${SRCROOT}/Pods/Target Support Files/Pods-FSNotes/Pods-FSNotes-frameworks.sh\"\n";
			showEnvVarsInLog = 0;
		};
		FE1FA4DE05AA000556FC1C26 /* [CP] Check Pods Manifest.lock */ = {
			isa = PBXShellScriptBuildPhase;
			buildActionMask = 2147483647;
			files = (
			);
			inputPaths = (
				"${PODS_PODFILE_DIR_PATH}/Podfile.lock",
				"${PODS_ROOT}/Manifest.lock",
			);
			name = "[CP] Check Pods Manifest.lock";
			outputPaths = (
				"$(DERIVED_FILE_DIR)/Pods-FSNotes (CloudKit)-checkManifestLockResult.txt",
			);
			runOnlyForDeploymentPostprocessing = 0;
			shellPath = /bin/sh;
			shellScript = "diff \"${PODS_PODFILE_DIR_PATH}/Podfile.lock\" \"${PODS_ROOT}/Manifest.lock\" > /dev/null\nif [ $? != 0 ] ; then\n    # print error to STDERR\n    echo \"error: The sandbox is not in sync with the Podfile.lock. Run 'pod install' or update your CocoaPods installation.\" >&2\n    exit 1\nfi\n# This output is used by Xcode 'outputs' to avoid re-running this script phase.\necho \"SUCCESS\" > \"${SCRIPT_OUTPUT_FILE_0}\"\n";
			showEnvVarsInLog = 0;
		};
/* End PBXShellScriptBuildPhase section */

/* Begin PBXSourcesBuildPhase section */
		D7793C6B1F211C6000CA39B7 /* Sources */ = {
			isa = PBXSourcesBuildPhase;
			buildActionMask = 2147483647;
			files = (
				D7C5429D1FC4A83F00EF1F94 /* StorageItem+CoreDataClass.swift in Sources */,
				D7C5429E1FC4A83F00EF1F94 /* StorageItem+CoreDataProperties.swift in Sources */,
				D779C7BB1F415C0300FADEE1 /* PrefsWindowController.swift in Sources */,
				D7793C751F211C6000CA39B7 /* ViewController.swift in Sources */,
				D7DD5A881F88D4EA00CE947E /* FileWatcher.swift in Sources */,
				D79700501F3E19C600BAD94D /* DocumentAttributes.swift in Sources */,
				D7F95F3A1FF2759300E2A447 /* NotesTextStorage.swift in Sources */,
				D7508FCE1F3438540047AB76 /* PrefsViewController.swift in Sources */,
				D76447DC1F3A4F0700965F01 /* UserDefaultsManagement.swift in Sources */,
				D797004C1F3DD10700BAD94D /* EditTextView.swift in Sources */,
				D7A9FD311FCB4873008ED23C /* MarkdownView.swift in Sources */,
				D7BC2F461F7675850007298E /* CoreDataManager.swift in Sources */,
				D7793C731F211C6000CA39B7 /* AppDelegate.swift in Sources */,
				D735E5BF1F2F001500173215 /* NoteRowView.swift in Sources */,
				D74112281FABA21B00AB619A /* MainWindow.swift in Sources */,
				D7097FCB1FB8CA4A00144D8F /* StorageTableView.swift in Sources */,
				D7E025081F3B6DDB00EDDA32 /* Storage.swift in Sources */,
				D741122B1FACA10A00AB619A /* PrefsWindow.swift in Sources */,
				D7DD5A8A1F88D50000CE947E /* FileWatcherEvent.swift in Sources */,
				D7CE196C1FA4BA5E004BF8EE /* PreviewTextField.swift in Sources */,
				D7A415141F2FBDA00099B82C /* NotesTableView.swift in Sources */,
				D79FE8A51F78377E00113CFD /* CloudKitManager.swift in Sources */,
				D7AFD80D1F78CC450000B44A /* CKRecord+.swift in Sources */,
				D773DE801F36F45900A39C9F /* SandboxBookmark.swift in Sources */,
				D71670AC1F7E914F00AE1AC2 /* UserDefaults+Token.swift in Sources */,
				D7B0EEFD1FDEF93E008B04C3 /* NotificationsController.swift in Sources */,
				D7CD5F6C1F51185F006AA35D /* NSFont+.swift in Sources */,
				D79FE8A31F77D04A00113CFD /* Note+CoreDataProperties.swift in Sources */,
				D7508FC81F337E850047AB76 /* SearchTextField.swift in Sources */,
				275592971F3AE9B5006B8988 /* MainWindowController.swift in Sources */,
				6F46BBE71F55320E000D7DB2 /* String+.swift in Sources */,
				D735E5BD1F2EF66000173215 /* NoteCellView.swift in Sources */,
				D79FE89B1F77CDEF00113CFD /* FSNotes.xcdatamodeld in Sources */,
				D79FE8A21F77D04A00113CFD /* Note+CoreDataClass.swift in Sources */,
			);
			runOnlyForDeploymentPostprocessing = 0;
		};
		D7793C7D1F211C6000CA39B7 /* Sources */ = {
			isa = PBXSourcesBuildPhase;
			buildActionMask = 2147483647;
			files = (
				D7793C861F211C6000CA39B7 /* FSNotesTests.swift in Sources */,
			);
			runOnlyForDeploymentPostprocessing = 0;
		};
		D7793C881F211C6000CA39B7 /* Sources */ = {
			isa = PBXSourcesBuildPhase;
			buildActionMask = 2147483647;
			files = (
				D7793C911F211C6000CA39B7 /* FSNotesUITests.swift in Sources */,
			);
			runOnlyForDeploymentPostprocessing = 0;
		};
		D7E81C2D1F925B5F00416A91 /* Sources */ = {
			isa = PBXSourcesBuildPhase;
			buildActionMask = 2147483647;
			files = (
				D7B0EEFE1FDF1176008B04C3 /* NotificationsController.swift in Sources */,
				D790641D1FCB4E5F005677E7 /* MarkdownView.swift in Sources */,
				D73E3ADC1FC600CD002D34EE /* StorageItem+CoreDataClass.swift in Sources */,
				D73E3ADD1FC600CD002D34EE /* StorageItem+CoreDataProperties.swift in Sources */,
				D7097FCC1FB8CDAE00144D8F /* StorageTableView.swift in Sources */,
				D741122C1FACA12E00AB619A /* PrefsWindow.swift in Sources */,
				D7FFD09C1FF677ED0064CBA6 /* NotesTextStorage.swift in Sources */,
				D74112291FABA29100AB619A /* MainWindow.swift in Sources */,
				D79F92121FA8B9E2008C297E /* PreviewTextField.swift in Sources */,
				D7E81C2E1F925B5F00416A91 /* PrefsWindowController.swift in Sources */,
				D7E81C2F1F925B5F00416A91 /* ViewController.swift in Sources */,
				D7E81C301F925B5F00416A91 /* FileWatcher.swift in Sources */,
				D7E81C311F925B5F00416A91 /* DocumentAttributes.swift in Sources */,
				D7E81C321F925B5F00416A91 /* PrefsViewController.swift in Sources */,
				D7E81C331F925B5F00416A91 /* UserDefaultsManagement.swift in Sources */,
				D7E81C341F925B5F00416A91 /* EditTextView.swift in Sources */,
				D7E81C351F925B5F00416A91 /* CoreDataManager.swift in Sources */,
				D7E81C361F925B5F00416A91 /* AppDelegate.swift in Sources */,
				D7E81C371F925B5F00416A91 /* NoteRowView.swift in Sources */,
				D7E81C381F925B5F00416A91 /* Storage.swift in Sources */,
				D7E81C391F925B5F00416A91 /* FileWatcherEvent.swift in Sources */,
				D7E81C3A1F925B5F00416A91 /* NotesTableView.swift in Sources */,
				D7E81C3B1F925B5F00416A91 /* CloudKitManager.swift in Sources */,
				D7E81C3C1F925B5F00416A91 /* CKRecord+.swift in Sources */,
				D7E81C3D1F925B5F00416A91 /* SandboxBookmark.swift in Sources */,
				D7E81C3E1F925B5F00416A91 /* UserDefaults+Token.swift in Sources */,
				D7E81C3F1F925B5F00416A91 /* NSFont+.swift in Sources */,
				D7E81C401F925B5F00416A91 /* Note+CoreDataProperties.swift in Sources */,
				D7E81C411F925B5F00416A91 /* SearchTextField.swift in Sources */,
				D7E81C421F925B5F00416A91 /* MainWindowController.swift in Sources */,
				D7E81C431F925B5F00416A91 /* String+.swift in Sources */,
				D7E81C441F925B5F00416A91 /* NoteCellView.swift in Sources */,
				D7E81C451F925B5F00416A91 /* FSNotes.xcdatamodeld in Sources */,
				D7E81C461F925B5F00416A91 /* Note+CoreDataClass.swift in Sources */,
			);
			runOnlyForDeploymentPostprocessing = 0;
		};
/* End PBXSourcesBuildPhase section */

/* Begin PBXTargetDependency section */
		D7793C831F211C6000CA39B7 /* PBXTargetDependency */ = {
			isa = PBXTargetDependency;
			target = D7793C6E1F211C6000CA39B7 /* FSNotes */;
			targetProxy = D7793C821F211C6000CA39B7 /* PBXContainerItemProxy */;
		};
		D7793C8E1F211C6000CA39B7 /* PBXTargetDependency */ = {
			isa = PBXTargetDependency;
			target = D7793C6E1F211C6000CA39B7 /* FSNotes */;
			targetProxy = D7793C8D1F211C6000CA39B7 /* PBXContainerItemProxy */;
		};
/* End PBXTargetDependency section */

/* Begin PBXVariantGroup section */
		D7793C781F211C6000CA39B7 /* Main.storyboard */ = {
			isa = PBXVariantGroup;
			children = (
				D7793C791F211C6000CA39B7 /* Base */,
			);
			name = Main.storyboard;
			sourceTree = "<group>";
		};
/* End PBXVariantGroup section */

/* Begin XCBuildConfiguration section */
		D7793C931F211C6000CA39B7 /* Debug */ = {
			isa = XCBuildConfiguration;
			buildSettings = {
				ALWAYS_SEARCH_USER_PATHS = NO;
				CLANG_ANALYZER_NONNULL = YES;
				CLANG_ANALYZER_NUMBER_OBJECT_CONVERSION = YES_AGGRESSIVE;
				CLANG_CXX_LANGUAGE_STANDARD = "gnu++14";
				CLANG_CXX_LIBRARY = "libc++";
				CLANG_ENABLE_MODULES = YES;
				CLANG_ENABLE_OBJC_ARC = YES;
				CLANG_WARN_BLOCK_CAPTURE_AUTORELEASING = YES;
				CLANG_WARN_BOOL_CONVERSION = YES;
				CLANG_WARN_COMMA = YES;
				CLANG_WARN_CONSTANT_CONVERSION = YES;
				CLANG_WARN_DIRECT_OBJC_ISA_USAGE = YES_ERROR;
				CLANG_WARN_DOCUMENTATION_COMMENTS = YES;
				CLANG_WARN_EMPTY_BODY = YES;
				CLANG_WARN_ENUM_CONVERSION = YES;
				CLANG_WARN_INFINITE_RECURSION = YES;
				CLANG_WARN_INT_CONVERSION = YES;
				CLANG_WARN_NON_LITERAL_NULL_CONVERSION = YES;
				CLANG_WARN_OBJC_LITERAL_CONVERSION = YES;
				CLANG_WARN_OBJC_ROOT_CLASS = YES_ERROR;
				CLANG_WARN_RANGE_LOOP_ANALYSIS = YES;
				CLANG_WARN_STRICT_PROTOTYPES = YES;
				CLANG_WARN_SUSPICIOUS_MOVE = YES;
				CLANG_WARN_UNGUARDED_AVAILABILITY = YES_AGGRESSIVE;
				CLANG_WARN_UNREACHABLE_CODE = YES;
				CLANG_WARN__DUPLICATE_METHOD_MATCH = YES;
				CODE_SIGN_IDENTITY = "";
				COPY_PHASE_STRIP = NO;
				DEBUG_INFORMATION_FORMAT = dwarf;
				ENABLE_STRICT_OBJC_MSGSEND = YES;
				ENABLE_TESTABILITY = YES;
				GCC_C_LANGUAGE_STANDARD = gnu11;
				GCC_DYNAMIC_NO_PIC = NO;
				GCC_NO_COMMON_BLOCKS = YES;
				GCC_OPTIMIZATION_LEVEL = 0;
				GCC_PREPROCESSOR_DEFINITIONS = (
					"DEBUG=1",
					"$(inherited)",
				);
				GCC_WARN_64_TO_32_BIT_CONVERSION = YES;
				GCC_WARN_ABOUT_RETURN_TYPE = YES_ERROR;
				GCC_WARN_UNDECLARED_SELECTOR = YES;
				GCC_WARN_UNINITIALIZED_AUTOS = YES_AGGRESSIVE;
				GCC_WARN_UNUSED_FUNCTION = YES;
				GCC_WARN_UNUSED_VARIABLE = YES;
				MACOSX_DEPLOYMENT_TARGET = 10.11;
				MTL_ENABLE_DEBUG_INFO = YES;
				ONLY_ACTIVE_ARCH = YES;
				SDKROOT = macosx;
				SWIFT_ACTIVE_COMPILATION_CONDITIONS = DEBUG;
				SWIFT_OBJC_BRIDGING_HEADER = "FSNotes/Bridging-Header.h";
				SWIFT_OPTIMIZATION_LEVEL = "-Onone";
			};
			name = Debug;
		};
		D7793C941F211C6000CA39B7 /* Release */ = {
			isa = XCBuildConfiguration;
			buildSettings = {
				ALWAYS_SEARCH_USER_PATHS = NO;
				CLANG_ANALYZER_NONNULL = YES;
				CLANG_ANALYZER_NUMBER_OBJECT_CONVERSION = YES_AGGRESSIVE;
				CLANG_CXX_LANGUAGE_STANDARD = "gnu++14";
				CLANG_CXX_LIBRARY = "libc++";
				CLANG_ENABLE_MODULES = YES;
				CLANG_ENABLE_OBJC_ARC = YES;
				CLANG_WARN_BLOCK_CAPTURE_AUTORELEASING = YES;
				CLANG_WARN_BOOL_CONVERSION = YES;
				CLANG_WARN_COMMA = YES;
				CLANG_WARN_CONSTANT_CONVERSION = YES;
				CLANG_WARN_DIRECT_OBJC_ISA_USAGE = YES_ERROR;
				CLANG_WARN_DOCUMENTATION_COMMENTS = YES;
				CLANG_WARN_EMPTY_BODY = YES;
				CLANG_WARN_ENUM_CONVERSION = YES;
				CLANG_WARN_INFINITE_RECURSION = YES;
				CLANG_WARN_INT_CONVERSION = YES;
				CLANG_WARN_NON_LITERAL_NULL_CONVERSION = YES;
				CLANG_WARN_OBJC_LITERAL_CONVERSION = YES;
				CLANG_WARN_OBJC_ROOT_CLASS = YES_ERROR;
				CLANG_WARN_RANGE_LOOP_ANALYSIS = YES;
				CLANG_WARN_STRICT_PROTOTYPES = YES;
				CLANG_WARN_SUSPICIOUS_MOVE = YES;
				CLANG_WARN_UNGUARDED_AVAILABILITY = YES_AGGRESSIVE;
				CLANG_WARN_UNREACHABLE_CODE = YES;
				CLANG_WARN__DUPLICATE_METHOD_MATCH = YES;
				CODE_SIGN_IDENTITY = "";
				COPY_PHASE_STRIP = NO;
				DEBUG_INFORMATION_FORMAT = "dwarf-with-dsym";
				ENABLE_NS_ASSERTIONS = YES;
				ENABLE_STRICT_OBJC_MSGSEND = YES;
				GCC_C_LANGUAGE_STANDARD = gnu11;
				GCC_NO_COMMON_BLOCKS = YES;
				"GCC_PREPROCESSOR_DEFINITIONS[arch=x86_64]" = "";
				"GCC_PREPROCESSOR_DEFINITIONS[sdk=macosx*]" = "";
				GCC_WARN_64_TO_32_BIT_CONVERSION = YES;
				GCC_WARN_ABOUT_RETURN_TYPE = YES_ERROR;
				GCC_WARN_UNDECLARED_SELECTOR = YES;
				GCC_WARN_UNINITIALIZED_AUTOS = YES_AGGRESSIVE;
				GCC_WARN_UNUSED_FUNCTION = YES;
				GCC_WARN_UNUSED_VARIABLE = YES;
				MACOSX_DEPLOYMENT_TARGET = 10.11;
				MTL_ENABLE_DEBUG_INFO = NO;
				ONLY_ACTIVE_ARCH = YES;
				SDKROOT = macosx;
				SWIFT_OBJC_BRIDGING_HEADER = "FSNotes/Bridging-Header.h";
				SWIFT_OPTIMIZATION_LEVEL = "-Owholemodule";
			};
			name = Release;
		};
		D7793C961F211C6000CA39B7 /* Debug */ = {
			isa = XCBuildConfiguration;
			baseConfigurationReference = 1D4CB680A72611EC13792DED /* Pods-FSNotes.debug.xcconfig */;
			buildSettings = {
				CODE_SIGN_ENTITLEMENTS = FSNotes/FSNotes.entitlements;
				CODE_SIGN_IDENTITY = "Mac Developer";
				CODE_SIGN_STYLE = Manual;
				COMBINE_HIDPI_IMAGES = YES;
				DEVELOPMENT_TEAM = 866P6MTE92;
				EMBED_ASSET_PACKS_IN_PRODUCT_BUNDLE = YES;
				ENABLE_NS_ASSERTIONS = NO;
				ENABLE_ON_DEMAND_RESOURCES = NO;
				FRAMEWORK_SEARCH_PATHS = (
					"$(inherited)",
					"$(PROJECT_DIR)",
				);
				INFOPLIST_FILE = FSNotes/Info.plist;
				LD_RUNPATH_SEARCH_PATHS = "$(inherited) @executable_path/../Frameworks";
				MACOSX_DEPLOYMENT_TARGET = 10.12;
				PRODUCT_BUNDLE_IDENTIFIER = co.fluder.FSNotes;
				PRODUCT_NAME = "$(TARGET_NAME)";
				PROVISIONING_PROFILE_SPECIFIER = "";
				SDKROOT = macosx;
				SWIFT_VERSION = 4.0;
				VALIDATE_PRODUCT = YES;
			};
			name = Debug;
		};
		D7793C971F211C6000CA39B7 /* Release */ = {
			isa = XCBuildConfiguration;
			baseConfigurationReference = 2F06741487033D206BD611B4 /* Pods-FSNotes.release.xcconfig */;
			buildSettings = {
				CODE_SIGN_ENTITLEMENTS = FSNotes/FSNotes.entitlements;
				CODE_SIGN_IDENTITY = "Mac Developer";
				CODE_SIGN_STYLE = Manual;
				COMBINE_HIDPI_IMAGES = YES;
				DEPLOYMENT_LOCATION = NO;
				DEVELOPMENT_TEAM = 866P6MTE92;
				EMBED_ASSET_PACKS_IN_PRODUCT_BUNDLE = YES;
				ENABLE_ON_DEMAND_RESOURCES = NO;
				ENABLE_TESTABILITY = YES;
				FRAMEWORK_SEARCH_PATHS = (
					"$(inherited)",
					"$(PROJECT_DIR)",
				);
				INFOPLIST_FILE = FSNotes/Info.plist;
				LD_RUNPATH_SEARCH_PATHS = "$(inherited) @executable_path/../Frameworks";
				MACOSX_DEPLOYMENT_TARGET = 10.12;
				ONLY_ACTIVE_ARCH = YES;
				PRODUCT_BUNDLE_IDENTIFIER = co.fluder.FSNotes;
				PRODUCT_NAME = "$(TARGET_NAME)";
				PROVISIONING_PROFILE = "";
				PROVISIONING_PROFILE_SPECIFIER = "";
				SDKROOT = macosx;
				SWIFT_VERSION = 4.0;
				VALIDATE_PRODUCT = YES;
			};
			name = Release;
		};
		D7793C991F211C6000CA39B7 /* Debug */ = {
			isa = XCBuildConfiguration;
			buildSettings = {
				ALWAYS_EMBED_SWIFT_STANDARD_LIBRARIES = YES;
				BUNDLE_LOADER = "$(TEST_HOST)";
				COMBINE_HIDPI_IMAGES = YES;
				DEVELOPMENT_TEAM = 866P6MTE92;
				INFOPLIST_FILE = FSNotesTests/Info.plist;
				LD_RUNPATH_SEARCH_PATHS = "$(inherited) @executable_path/../Frameworks @loader_path/../Frameworks";
				PRODUCT_BUNDLE_IDENTIFIER = co.fluder.FSNotesTests;
				PRODUCT_NAME = "$(TARGET_NAME)";
				SWIFT_VERSION = 4.0;
				TEST_HOST = "$(BUILT_PRODUCTS_DIR)/FSNotes.app/Contents/MacOS/FSNotes";
			};
			name = Debug;
		};
		D7793C9A1F211C6000CA39B7 /* Release */ = {
			isa = XCBuildConfiguration;
			buildSettings = {
				ALWAYS_EMBED_SWIFT_STANDARD_LIBRARIES = YES;
				BUNDLE_LOADER = "$(TEST_HOST)";
				COMBINE_HIDPI_IMAGES = YES;
				DEVELOPMENT_TEAM = 866P6MTE92;
				INFOPLIST_FILE = FSNotesTests/Info.plist;
				LD_RUNPATH_SEARCH_PATHS = "$(inherited) @executable_path/../Frameworks @loader_path/../Frameworks";
				PRODUCT_BUNDLE_IDENTIFIER = co.fluder.FSNotesTests;
				PRODUCT_NAME = "$(TARGET_NAME)";
				SWIFT_VERSION = 4.0;
				TEST_HOST = "$(BUILT_PRODUCTS_DIR)/FSNotes.app/Contents/MacOS/FSNotes";
			};
			name = Release;
		};
		D7793C9C1F211C6000CA39B7 /* Debug */ = {
			isa = XCBuildConfiguration;
			buildSettings = {
				ALWAYS_EMBED_SWIFT_STANDARD_LIBRARIES = YES;
				COMBINE_HIDPI_IMAGES = YES;
				DEVELOPMENT_TEAM = "";
				INFOPLIST_FILE = FSNotesUITests/Info.plist;
				LD_RUNPATH_SEARCH_PATHS = "$(inherited) @executable_path/../Frameworks @loader_path/../Frameworks";
				PRODUCT_BUNDLE_IDENTIFIER = co.fluder.FSNotesUITests;
				PRODUCT_NAME = "$(TARGET_NAME)";
				SWIFT_VERSION = 4.0;
				TEST_TARGET_NAME = FSNotes;
			};
			name = Debug;
		};
		D7793C9D1F211C6000CA39B7 /* Release */ = {
			isa = XCBuildConfiguration;
			buildSettings = {
				ALWAYS_EMBED_SWIFT_STANDARD_LIBRARIES = YES;
				COMBINE_HIDPI_IMAGES = YES;
				DEVELOPMENT_TEAM = "";
				INFOPLIST_FILE = FSNotesUITests/Info.plist;
				LD_RUNPATH_SEARCH_PATHS = "$(inherited) @executable_path/../Frameworks @loader_path/../Frameworks";
				PRODUCT_BUNDLE_IDENTIFIER = co.fluder.FSNotesUITests;
				PRODUCT_NAME = "$(TARGET_NAME)";
				SWIFT_VERSION = 4.0;
				TEST_TARGET_NAME = FSNotes;
			};
			name = Release;
		};
		D7E81C581F925B5F00416A91 /* Debug */ = {
			isa = XCBuildConfiguration;
			baseConfigurationReference = 63E7A6CEB578A475FCE2C47F /* Pods-FSNotes (CloudKit).debug.xcconfig */;
			buildSettings = {
				CODE_SIGN_ENTITLEMENTS = "FSNotes/FSNotes (CloudKit).entitlements";
				CODE_SIGN_IDENTITY = "Mac Developer";
				CODE_SIGN_STYLE = Manual;
				COMBINE_HIDPI_IMAGES = YES;
				DEVELOPMENT_TEAM = "";
				EMBED_ASSET_PACKS_IN_PRODUCT_BUNDLE = YES;
				ENABLE_NS_ASSERTIONS = NO;
				ENABLE_ON_DEMAND_RESOURCES = NO;
				FRAMEWORK_SEARCH_PATHS = (
					"$(inherited)",
					"$(PROJECT_DIR)",
				);
				INFOPLIST_FILE = FSNotes/Info.plist;
				LD_RUNPATH_SEARCH_PATHS = "$(inherited) @executable_path/../Frameworks";
				MACOSX_DEPLOYMENT_TARGET = 10.12;
				OTHER_SWIFT_FLAGS = "$(inherited)";
				PRODUCT_BUNDLE_IDENTIFIER = co.fluder.FSNotes;
				PRODUCT_NAME = FSNotes;
				PROVISIONING_PROFILE_SPECIFIER = "";
				SDKROOT = macosx;
				SWIFT_ACTIVE_COMPILATION_CONDITIONS = "CLOUDKIT USEDEBUGFOLDER";
				SWIFT_SWIFT3_OBJC_INFERENCE = On;
				SWIFT_VERSION = 4.0;
				VALIDATE_PRODUCT = YES;
			};
			name = Debug;
		};
		D7E81C591F925B5F00416A91 /* Release */ = {
			isa = XCBuildConfiguration;
			baseConfigurationReference = F3A83507E865DA95F2735CC8 /* Pods-FSNotes (CloudKit).release.xcconfig */;
			buildSettings = {
				CODE_SIGN_ENTITLEMENTS = "FSNotes/FSNotes (CloudKit).entitlements";
				CODE_SIGN_IDENTITY = "3rd Party Mac Developer Application";
				CODE_SIGN_STYLE = Manual;
				COMBINE_HIDPI_IMAGES = YES;
				DEPLOYMENT_LOCATION = NO;
				DEVELOPMENT_TEAM = 866P6MTE92;
				EMBED_ASSET_PACKS_IN_PRODUCT_BUNDLE = YES;
				ENABLE_ON_DEMAND_RESOURCES = NO;
				ENABLE_TESTABILITY = YES;
				FRAMEWORK_SEARCH_PATHS = (
					"$(inherited)",
					"$(PROJECT_DIR)",
				);
				INFOPLIST_FILE = FSNotes/Info.plist;
				LD_RUNPATH_SEARCH_PATHS = "$(inherited) @executable_path/../Frameworks";
				MACOSX_DEPLOYMENT_TARGET = 10.12;
				ONLY_ACTIVE_ARCH = YES;
				PRODUCT_BUNDLE_IDENTIFIER = co.fluder.FSNotes;
				PRODUCT_NAME = FSNotes;
				PROVISIONING_PROFILE = "b99510cc-e555-44b7-8ccd-5d96c791e2b0";
				PROVISIONING_PROFILE_SPECIFIER = FSNotes;
				SDKROOT = macosx;
				SWIFT_ACTIVE_COMPILATION_CONDITIONS = CLOUDKIT;
				SWIFT_SWIFT3_OBJC_INFERENCE = On;
				SWIFT_VERSION = 4.0;
				VALIDATE_PRODUCT = YES;
			};
			name = Release;
		};
/* End XCBuildConfiguration section */

/* Begin XCConfigurationList section */
		D7793C6A1F211C6000CA39B7 /* Build configuration list for PBXProject "FSNotes" */ = {
			isa = XCConfigurationList;
			buildConfigurations = (
				D7793C931F211C6000CA39B7 /* Debug */,
				D7793C941F211C6000CA39B7 /* Release */,
			);
			defaultConfigurationIsVisible = 0;
			defaultConfigurationName = Release;
		};
		D7793C951F211C6000CA39B7 /* Build configuration list for PBXNativeTarget "FSNotes" */ = {
			isa = XCConfigurationList;
			buildConfigurations = (
				D7793C961F211C6000CA39B7 /* Debug */,
				D7793C971F211C6000CA39B7 /* Release */,
			);
			defaultConfigurationIsVisible = 0;
			defaultConfigurationName = Release;
		};
		D7793C981F211C6000CA39B7 /* Build configuration list for PBXNativeTarget "FSNotesTests" */ = {
			isa = XCConfigurationList;
			buildConfigurations = (
				D7793C991F211C6000CA39B7 /* Debug */,
				D7793C9A1F211C6000CA39B7 /* Release */,
			);
			defaultConfigurationIsVisible = 0;
			defaultConfigurationName = Release;
		};
		D7793C9B1F211C6000CA39B7 /* Build configuration list for PBXNativeTarget "FSNotesUITests" */ = {
			isa = XCConfigurationList;
			buildConfigurations = (
				D7793C9C1F211C6000CA39B7 /* Debug */,
				D7793C9D1F211C6000CA39B7 /* Release */,
			);
			defaultConfigurationIsVisible = 0;
			defaultConfigurationName = Release;
		};
		D7E81C571F925B5F00416A91 /* Build configuration list for PBXNativeTarget "FSNotes (CloudKit)" */ = {
			isa = XCConfigurationList;
			buildConfigurations = (
				D7E81C581F925B5F00416A91 /* Debug */,
				D7E81C591F925B5F00416A91 /* Release */,
			);
			defaultConfigurationIsVisible = 0;
			defaultConfigurationName = Release;
		};
/* End XCConfigurationList section */

/* Begin XCVersionGroup section */
		D79FE8991F77CDEF00113CFD /* FSNotes.xcdatamodeld */ = {
			isa = XCVersionGroup;
			children = (
				D79FE89A1F77CDEF00113CFD /* FSNotes.xcdatamodel */,
			);
			currentVersion = D79FE89A1F77CDEF00113CFD /* FSNotes.xcdatamodel */;
			path = FSNotes.xcdatamodeld;
			sourceTree = "<group>";
			versionGroupType = wrapper.xcdatamodel;
		};
/* End XCVersionGroup section */
	};
	rootObject = D7793C671F211C6000CA39B7 /* Project object */;
}
